<?xml version="1.0" encoding="utf-8"?>
<Project ToolsVersion="4.0" xmlns="http://schemas.microsoft.com/developer/msbuild/2003">
  <ItemGroup>
    <ClCompile Include="PVZ2ExampleMod.cpp" />
    <ClCompile Include="memUtils.cpp" />
    <ClCompile Include="PlantsFix.cpp" />
    <ClCompile Include="ZombotanyBaseProps.cpp" />
    <ClCompile Include="ZombieBullProps.cpp" />
    <ClCompile Include="ZombotanyHooks.cpp" />
    <ClCompile Include="TideChecker.cpp" />
    <ClCompile Include="GridItemPuddle.cpp" />
    <ClCompile Include="GridItemCrater.cpp" />
    <ClCompile Include="BoardRegionTideWater.cpp" />
    <ClCompile Include="SixLaneModule.cpp" />
    <ClCompile Include="SixLaneModuleProps.cpp" />
    <ClCompile Include="ZombiesFix.cpp" />
    <ClCompile Include="SixLaneSpawnHooks.cpp" />
    <ClCompile Include="SixLaneAmbushFix.cpp" />
    <ClCompile Include="GridItemRailAlt.cpp" />
    <ClCompile Include="RailAltHooks.cpp" />
    <ClCompile Include="GridItemRailAltProps.cpp" />
    <ClCompile Include="DelegateBase.cpp" />
    <ClCompile Include="ZombieStateHelper.cpp" />
    <ClCompile Include="ZombieSteamMechanic.cpp" />
    <ClCompile Include="PlantCustomConditions.cpp" />
    <ClCompile Include="ReflectionBuilder.cpp" />
    <ClCompile Include="RtClass.cpp" />
    <ClCompile Include="RClass.cpp" />
    <ClCompile Include="Effect_PopAnim.cpp" />
    <ClCompile Include="Effect_FrogAnim.cpp" />
    <ClCompile Include="FrogJumpSubsystem.cpp" />
    <ClCompile Include="SkyCity.cpp" />
    <ClCompile Include="BoardRegionSky.cpp" />
    <ClCompile Include="SkyModule.cpp" />
    <ClCompile Include="SkyModuleProps.cpp" />
    <ClCompile Include="Zombie.cpp" />
    <ClCompile Include="ZombieDogfighter.cpp" />
    <ClCompile Include="SurvivalHooks.cpp" />
    <ClCompile Include="WaveManager.cpp" />
    <ClCompile Include="LevelModuleManager.cpp" />
    <ClCompile Include="SurvivalModule.cpp" />
    <ClCompile Include="SurvivalModuleProps.cpp" />
    <ClCompile Include="Delegate.cpp" />
    <ClCompile Include="AnimationMgr.cpp" />
    <ClCompile Include="IntroModule.cpp" />
    <ClCompile Include="UIWidget.cpp" />
    <ClCompile Include="StageModule.cpp" />
    <ClCompile Include="StageModuleProperties.cpp" />
    <ClCompile Include="DummyModule.cpp" />
    <ClCompile Include="DummyModuleProps.cpp" />
    <ClCompile Include="WaveManagerEndlessModule.cpp" />
    <ClCompile Include="WaveManagerEndlessModuleProps.cpp" />
    <ClCompile Include="Messages.cpp" />
    <ClCompile Include="ZombieType.cpp" />
    <ClCompile Include="RoofHooks.cpp" />
    <ClCompile Include="RoofModule.cpp" />
    <ClCompile Include="RoofModuleProps.cpp" />
    <ClCompile Include="RoofPlantFixes.cpp" />
    <ClCompile Include="SexyApp.cpp" />
    <ClCompile Include="RoofStage.cpp" />
    <ClCompile Include="RoofStageProps.cpp" />
    <ClCompile Include="GridItemPowerTile.cpp" />
  </ItemGroup>
  <ItemGroup>
    <ClInclude Include="PVZ2ExampleMod.h" />
    <ClInclude Include="pch.h" />
    <ClInclude Include="memUtils.h" />
    <ClInclude Include="Logging.h" />
    <ClInclude Include="SexyTypes.h" />
    <ClInclude Include="PvZ2\Board.h" />
    <ClInclude Include="PvZ2\RtWeakPtr.h" />
    <ClInclude Include="PlantsFix.h" />
    <ClInclude Include="ZombotanyBaseProps.h" />
    <ClInclude Include="ZombieBullProps.h" />
    <ClInclude Include="ZombotanyHooks.h" />
    <ClInclude Include="TideChecker.h" />
    <ClInclude Include="GridItemPuddle.h" />
    <ClInclude Include="GridItemCrater.h" />
    <ClInclude Include="BoardRegionTideWater.h" />
    <ClInclude Include="SixLaneModule.h" />
    <ClInclude Include="LevelModule.h" />
    <ClInclude Include="SixLaneModuleProps.h" />
    <ClInclude Include="LevelModuleProperties.h" />
    <ClInclude Include="ZombiesFix.h" />
    <ClInclude Include="SixLaneSpawnHooks.h" />
    <ClInclude Include="TimeMgr.h" />
    <ClInclude Include="SixLaneAmbushFix.h" />
    <ClInclude Include="DamageInfo.h" />
    <ClInclude Include="DamageTypeFlags.h" />
    <ClInclude Include="ZombieConditions.h" />
    <ClInclude Include="GridItemRailAlt.h" />
    <ClInclude Include="RailAltHooks.h" />
    <ClInclude Include="GridItem.h" />
    <ClInclude Include="GridItemRailAltProps.h" />
    <ClInclude Include="CRefManualSymbolBuilder.h" />
    <ClInclude Include="ReflectionFieldType.h" />
    <ClInclude Include="RClass.h" />
    <ClInclude Include="RField.h" />
    <ClInclude Include="RSimpleType.h" />
    <ClInclude Include="DelegateBase.h" />
    <ClInclude Include="ZombieStateHelper.h" />
    <ClInclude Include="ZombieState.h" />
    <ClInclude Include="ZombieEvent.h" />
    <ClInclude Include="ZombieSteamMechanic.h" />
    <ClInclude Include="Zombie.h" />
    <ClInclude Include="PlantCustomConditions.h" />
    <ClInclude Include="PlantAction.h" />
    <ClInclude Include="NamedFlagWithId.h" />
    <ClInclude Include="AnimationSequenceEntry.h" />
    <ClInclude Include="ReflectionBuilder.h" />
    <ClInclude Include="RtClass.h" />
    <ClInclude Include="GameObject.h" />
    <ClInclude Include="RtObject.h" />
    <ClInclude Include="RealObject.h" />
    <ClInclude Include="ModularRealObject.h" />
    <ClInclude Include="BoardEntity.h" />
    <ClInclude Include="EntityConditionTracker.h" />
    <ClInclude Include="PopAnimRig.h" />
    <ClInclude Include="Color.h" />
    <ClInclude Include="ZombieAnimRig.h" />
    <ClInclude Include="PlantAnimRig.h" />
    <ClInclude Include="Plant.h" />
    <ClInclude Include="Projectile.h" />
    <ClInclude Include="PlantGroup.h" />
    <ClInclude Include="PlantConditions.h" />
    <ClInclude Include="StandaloneEffect.h" />
    <ClInclude Include="Effect_PopAnim.h" />
    <ClInclude Include="Effect_FrogAnim.h" />
    <ClInclude Include="GameSubsystem.h" />
    <ClInclude Include="FrogJumpSubsystem.h" />
    <ClInclude Include="PlantConditionTracker.h" />
    <ClInclude Include="TStdVectorManipulator.h" />
    <ClInclude Include="RType.h" />
    <ClInclude Include="RSymbol.h" />
    <ClInclude Include="BoardRegion.h" />
    <ClInclude Include="SkyCity.h" />
    <ClInclude Include="BoardRegionSky.h" />
    <ClInclude Include="SkyModule.h" />
    <ClInclude Include="SkyModuleProps.h" />
    <ClInclude Include="PropertySheetBase.h" />
    <ClInclude Include="PVZDB.h" />
    <ClInclude Include="ZombieParticle.h" />
    <ClInclude Include="ZombieDogfighter.h" />
    <ClInclude Include="SurvivalHooks.h" />
    <ClInclude Include="WaveManager.h" />
    <ClInclude Include="LevelModuleManager.h" />
    <ClInclude Include="SurvivalModule.h" />
    <ClInclude Include="SurvivalModuleProps.h" />
    <ClInclude Include="MessageRouter.h" />
    <ClInclude Include="Delegate.h" />
    <ClInclude Include="AnimationMgr.h" />
    <ClInclude Include="UIWidget.h" />
    <ClInclude Include="SeedChooser.h" />
    <ClInclude Include="IntroModule.h" />
    <ClInclude Include="CachedResource.h" />
    <ClInclude Include="StageModule.h" />
    <ClInclude Include="Image.h" />
    <ClInclude Include="StageModuleProperties.h" />
    <ClInclude Include="SeedBankModule.h" />
    <ClInclude Include="SeedBankNew.h" />
    <ClInclude Include="SeedBankProperties.h" />
    <ClInclude Include="DummyModule.h" />
    <ClInclude Include="DummyModuleProps.h" />
    <ClInclude Include="SeedPacket.h" />
    <ClInclude Include="WaveManagerEndlessModule.h" />
    <ClInclude Include="WaveManagerModule.h" />
    <ClInclude Include="WaveManagerProperties.h" />
    <ClInclude Include="ZombiesDeadWinCon.h" />
    <ClInclude Include="Messages.h" />
    <ClInclude Include="WaveManagerEndlessModuleProps.h" />
    <ClInclude Include="WaveManagerModuleProperties.h" />
    <ClInclude Include="LevelEscalationModule.h" />
    <ClInclude Include="LevelEscalationModuleProperties.h" />
    <ClInclude Include="ZombieType.h" />
    <ClInclude Include="ObjectTypeDescriptor.h" />
    <ClInclude Include="LevelDefinition.h" />
    <ClInclude Include="DangerRoomModernDesigner.h" />
    <ClInclude Include="RoofHooks.h" />
    <ClInclude Include="PacketCursor.h" />
    <ClInclude Include="RoofModule.h" />
    <ClInclude Include="RoofModuleProps.h" />
    <ClInclude Include="Graphics.h" />
    <ClInclude Include="PopAnim.h" />
    <ClInclude Include="PlantPropertySheet.h" />
    <ClInclude Include="RoofPlantFixes.h" />
    <ClInclude Include="PlantFramework.h" />
    <ClInclude Include="SexyApp.h" />
    <ClInclude Include="RoofStage.h" />
    <ClInclude Include="RoofStageProps.h" />
    <ClInclude Include="GridItemPropertySheet.h" />
    <ClInclude Include="ZombieZombossMech.h" />
    <ClInclude Include="ZombossActions.h" />
    <ClInclude Include="GridItemPowerTile.h" />
  </ItemGroup>
</Project>